
Microsoft Visual Studio Solution File, Format Version 12.00
# Visual Studio Version 17
VisualStudioVersion = 17.7.34202.233
MinimumVisualStudioVersion = 10.0.40219.1
Project("{2150E333-8FDC-42A3-9474-1A3956D46DE8}") = "Services", "Services", "{CEB2ADEB-DBC0-4B55-BAFE-34C4D0E2CE52}"
EndProject
Project("{2150E333-8FDC-42A3-9474-1A3956D46DE8}") = "Catalog", "Catalog", "{723B4D23-F29D-4484-AB81-C8A604DA3778}"
EndProject
Project("{FAE04EC0-301F-11D3-BF4B-00C04F79EFBC}") = "Catalog.API", "Services\Catalog\Catalog.API\Catalog.API.csproj", "{20760645-9D3F-4FB4-9F39-7BC2994D8BD1}"
EndProject
Project("{E53339B2-1760-4266-BCC7-CA923CBCF16C}") = "docker-compose", "docker-compose.dcproj", "{704E4961-8415-4DE8-A3E1-24385AD8D9F5}"
EndProject
Project("{2150E333-8FDC-42A3-9474-1A3956D46DE8}") = "Documents", "Documents", "{69E6BAB4-D7B0-4D04-B9AC-9F15EA1FE40C}"
	ProjectSection(SolutionItems) = preProject
		Docker Commands.txt = Docker Commands.txt
		Docker Compose Commands.txt = Docker Compose Commands.txt
		Mongo Commands.txt = Mongo Commands.txt
		Redis Commands.txt = Redis Commands.txt
	EndProjectSection
EndProject
Project("{2150E333-8FDC-42A3-9474-1A3956D46DE8}") = "Basket", "Basket", "{02E0EF06-E52E-4847-847B-F99BB97A0A90}"
EndProject
Project("{FAE04EC0-301F-11D3-BF4B-00C04F79EFBC}") = "Basket.API", "Services\Basket\Basket.API\Basket.API.csproj", "{F6A97BD8-DB91-492D-8A0E-CE29A38404BE}"
EndProject
Project("{2150E333-8FDC-42A3-9474-1A3956D46DE8}") = "Discount", "Discount", "{68DF951D-054B-4B38-8CC1-5C4E0A219AD8}"
EndProject
Project("{FAE04EC0-301F-11D3-BF4B-00C04F79EFBC}") = "Discount.API", "Services\Discount\Discount.API\Discount.API.csproj", "{144EDD66-21BD-48E2-9F34-8861B6E37C64}"
EndProject
Global
	GlobalSection(SolutionConfigurationPlatforms) = preSolution
		Debug|Any CPU = Debug|Any CPU
		Release|Any CPU = Release|Any CPU
	EndGlobalSection
	GlobalSection(ProjectConfigurationPlatforms) = postSolution
		{20760645-9D3F-4FB4-9F39-7BC2994D8BD1}.Debug|Any CPU.ActiveCfg = Debug|Any CPU
		{20760645-9D3F-4FB4-9F39-7BC2994D8BD1}.Debug|Any CPU.Build.0 = Debug|Any CPU
		{20760645-9D3F-4FB4-9F39-7BC2994D8BD1}.Release|Any CPU.ActiveCfg = Release|Any CPU
		{20760645-9D3F-4FB4-9F39-7BC2994D8BD1}.Release|Any CPU.Build.0 = Release|Any CPU
		{704E4961-8415-4DE8-A3E1-24385AD8D9F5}.Debug|Any CPU.ActiveCfg = Debug|Any CPU
		{704E4961-8415-4DE8-A3E1-24385AD8D9F5}.Debug|Any CPU.Build.0 = Debug|Any CPU
		{704E4961-8415-4DE8-A3E1-24385AD8D9F5}.Release|Any CPU.ActiveCfg = Release|Any CPU
		{704E4961-8415-4DE8-A3E1-24385AD8D9F5}.Release|Any CPU.Build.0 = Release|Any CPU
		{F6A97BD8-DB91-492D-8A0E-CE29A38404BE}.Debug|Any CPU.ActiveCfg = Debug|Any CPU
		{F6A97BD8-DB91-492D-8A0E-CE29A38404BE}.Debug|Any CPU.Build.0 = Debug|Any CPU
		{F6A97BD8-DB91-492D-8A0E-CE29A38404BE}.Release|Any CPU.ActiveCfg = Release|Any CPU
		{F6A97BD8-DB91-492D-8A0E-CE29A38404BE}.Release|Any CPU.Build.0 = Release|Any CPU
		{144EDD66-21BD-48E2-9F34-8861B6E37C64}.Debug|Any CPU.ActiveCfg = Debug|Any CPU
		{144EDD66-21BD-48E2-9F34-8861B6E37C64}.Debug|Any CPU.Build.0 = Debug|Any CPU
		{144EDD66-21BD-48E2-9F34-8861B6E37C64}.Release|Any CPU.ActiveCfg = Release|Any CPU
		{144EDD66-21BD-48E2-9F34-8861B6E37C64}.Release|Any CPU.Build.0 = Release|Any CPU
	EndGlobalSection
	GlobalSection(SolutionProperties) = preSolution
		HideSolutionNode = FALSE
	EndGlobalSection
	GlobalSection(NestedProjects) = preSolution
		{723B4D23-F29D-4484-AB81-C8A604DA3778} = {CEB2ADEB-DBC0-4B55-BAFE-34C4D0E2CE52}
		{20760645-9D3F-4FB4-9F39-7BC2994D8BD1} = {723B4D23-F29D-4484-AB81-C8A604DA3778}
		{02E0EF06-E52E-4847-847B-F99BB97A0A90} = {CEB2ADEB-DBC0-4B55-BAFE-34C4D0E2CE52}
		{F6A97BD8-DB91-492D-8A0E-CE29A38404BE} = {02E0EF06-E52E-4847-847B-F99BB97A0A90}
		{68DF951D-054B-4B38-8CC1-5C4E0A219AD8} = {CEB2ADEB-DBC0-4B55-BAFE-34C4D0E2CE52}
		{144EDD66-21BD-48E2-9F34-8861B6E37C64} = {68DF951D-054B-4B38-8CC1-5C4E0A219AD8}
	EndGlobalSection
	GlobalSection(ExtensibilityGlobals) = postSolution
		SolutionGuid = {ACDEBD08-BE92-43EE-87EC-8F1D7AE7D911}
	EndGlobalSection
EndGlobal
