
Microsoft Visual Studio Solution File, Format Version 12.00
# Visual Studio Version 17
VisualStudioVersion = 17.3.32811.315
MinimumVisualStudioVersion = 10.0.40219.1
Project("{2150E333-8FDC-42A3-9474-1A3956D46DE8}") = "Services", "Services", "{385A8ECE-99E1-4DDE-8F54-48B3A06E6F53}"
EndProject
Project("{9A19103F-16F7-4668-BE54-9A1E7A4F7556}") = "Catalog.API", "Services\Catalog.API\Catalog.API.csproj", "{B3735EA0-C6C7-4E54-97F7-38481B1B17FA}"
EndProject
Project("{E53339B2-1760-4266-BCC7-CA923CBCF16C}") = "docker-compose", "docker-compose.dcproj", "{E584F0FE-FF4E-41AF-AC8A-A0E49E88B310}"
EndProject
Project("{9A19103F-16F7-4668-BE54-9A1E7A4F7556}") = "Basket.API", "Services\Basket.API\Basket.API.csproj", "{F512CACA-E906-4C27-B8EE-CD5E00D2F55D}"
EndProject
Project("{FAE04EC0-301F-11D3-BF4B-00C04F79EFBC}") = "Discount.API", "Services\Discount.API\Discount.API.csproj", "{06558E90-3B06-4DE3-AC62-037238E0EA0A}"
EndProject
Global
	GlobalSection(SolutionConfigurationPlatforms) = preSolution
		Debug|Any CPU = Debug|Any CPU
		Release|Any CPU = Release|Any CPU
	EndGlobalSection
	GlobalSection(ProjectConfigurationPlatforms) = postSolution
		{B3735EA0-C6C7-4E54-97F7-38481B1B17FA}.Debug|Any CPU.ActiveCfg = Debug|Any CPU
		{B3735EA0-C6C7-4E54-97F7-38481B1B17FA}.Debug|Any CPU.Build.0 = Debug|Any CPU
		{B3735EA0-C6C7-4E54-97F7-38481B1B17FA}.Release|Any CPU.ActiveCfg = Release|Any CPU
		{B3735EA0-C6C7-4E54-97F7-38481B1B17FA}.Release|Any CPU.Build.0 = Release|Any CPU
		{E584F0FE-FF4E-41AF-AC8A-A0E49E88B310}.Debug|Any CPU.ActiveCfg = Debug|Any CPU
		{E584F0FE-FF4E-41AF-AC8A-A0E49E88B310}.Debug|Any CPU.Build.0 = Debug|Any CPU
		{E584F0FE-FF4E-41AF-AC8A-A0E49E88B310}.Release|Any CPU.ActiveCfg = Release|Any CPU
		{E584F0FE-FF4E-41AF-AC8A-A0E49E88B310}.Release|Any CPU.Build.0 = Release|Any CPU
		{F512CACA-E906-4C27-B8EE-CD5E00D2F55D}.Debug|Any CPU.ActiveCfg = Debug|Any CPU
		{F512CACA-E906-4C27-B8EE-CD5E00D2F55D}.Debug|Any CPU.Build.0 = Debug|Any CPU
		{F512CACA-E906-4C27-B8EE-CD5E00D2F55D}.Release|Any CPU.ActiveCfg = Release|Any CPU
		{F512CACA-E906-4C27-B8EE-CD5E00D2F55D}.Release|Any CPU.Build.0 = Release|Any CPU
		{06558E90-3B06-4DE3-AC62-037238E0EA0A}.Debug|Any CPU.ActiveCfg = Debug|Any CPU
		{06558E90-3B06-4DE3-AC62-037238E0EA0A}.Debug|Any CPU.Build.0 = Debug|Any CPU
		{06558E90-3B06-4DE3-AC62-037238E0EA0A}.Release|Any CPU.ActiveCfg = Release|Any CPU
		{06558E90-3B06-4DE3-AC62-037238E0EA0A}.Release|Any CPU.Build.0 = Release|Any CPU
	EndGlobalSection
	GlobalSection(SolutionProperties) = preSolution
		HideSolutionNode = FALSE
	EndGlobalSection
	GlobalSection(NestedProjects) = preSolution
		{B3735EA0-C6C7-4E54-97F7-38481B1B17FA} = {385A8ECE-99E1-4DDE-8F54-48B3A06E6F53}
		{F512CACA-E906-4C27-B8EE-CD5E00D2F55D} = {385A8ECE-99E1-4DDE-8F54-48B3A06E6F53}
		{06558E90-3B06-4DE3-AC62-037238E0EA0A} = {385A8ECE-99E1-4DDE-8F54-48B3A06E6F53}
	EndGlobalSection
	GlobalSection(ExtensibilityGlobals) = postSolution
		SolutionGuid = {330AC2FC-3D8A-4E3B-A833-9D04C6F5C51C}
	EndGlobalSection
EndGlobal
